<?xml version="1.0" encoding="utf-8"?>
<Project ToolsVersion="4.0" xmlns="http://schemas.microsoft.com/developer/msbuild/2003">
  <ItemGroup>
    <Filter Include="Source Files">
      <UniqueIdentifier>{4FC737F1-C7A5-4376-A066-2A32D752A2FF}</UniqueIdentifier>
      <Extensions>cpp;c;cc;cxx;c++;cppm;ixx;def;odl;idl;hpj;bat;asm;asmx</Extensions>
    </Filter>
    <Filter Include="Resource Files">
      <UniqueIdentifier>{67DA6AB6-F800-4c08-8B7A-83BB121AAD01}</UniqueIdentifier>
      <Extensions>rc;ico;cur;bmp;dlg;rc2;rct;bin;rgs;gif;jpg;jpeg;jpe;resx;tiff;tif;png;wav;mfcribbon-ms</Extensions>
    </Filter>
    <Filter Include="MFC App">
      <UniqueIdentifier>{7bd06350-bd02-4e1c-a012-5c510e053d06}</UniqueIdentifier>
    </Filter>
    <Filter Include="Resource Files\Include">
      <UniqueIdentifier>{01f4d552-0491-4288-870d-b421560b4602}</UniqueIdentifier>
    </Filter>
    <Filter Include="Resource Files\Icon">
      <UniqueIdentifier>{34311165-2324-48d0-919f-2bf325c501ab}</UniqueIdentifier>
    </Filter>
    <Filter Include="Headers">
      <UniqueIdentifier>{2a17e412-6f9f-4e70-9606-6ccbab2814b5}</UniqueIdentifier>
    </Filter>
    <Filter Include="Headers\Alghorithms">
      <UniqueIdentifier>{adedcd5d-8298-449d-9dcf-60906944e45c}</UniqueIdentifier>
    </Filter>
    <Filter Include="Headers\Windows">
      <UniqueIdentifier>{3b62336c-8e30-47f8-ae80-71c708cf04a3}</UniqueIdentifier>
    </Filter>
    <Filter Include="Headers\Windows\GdiPlus">
      <UniqueIdentifier>{b3ce8bc1-1515-44d8-b1c5-74f261f81c14}</UniqueIdentifier>
    </Filter>
    <Filter Include="Headers\Windows\Types">
      <UniqueIdentifier>{1576f9de-37a5-4d34-bd74-fb6d7d8783a7}</UniqueIdentifier>
    </Filter>
    <Filter Include="Headers\Windows\Graphics">
      <UniqueIdentifier>{85c1649a-f428-4a91-a4be-1b48dd314d87}</UniqueIdentifier>
    </Filter>
    <Filter Include="Headers\Windows\Graphics\TStatic">
      <UniqueIdentifier>{eab8dbf5-2066-4cf5-ae97-d9723f3894c9}</UniqueIdentifier>
    </Filter>
    <Filter Include="Headers\Windows\Graphics\TButton">
      <UniqueIdentifier>{2672532b-fb4f-480c-8835-115a7cfb13df}</UniqueIdentifier>
    </Filter>
  </ItemGroup>
  <ItemGroup>
    <ResourceCompile Include="MFCResources.rc">
      <Filter>Resource Files</Filter>
    </ResourceCompile>
  </ItemGroup>
  <ItemGroup>
    <ClCompile Include="MFCWindow.cpp">
      <Filter>Source Files</Filter>
    </ClCompile>
    <ClCompile Include="MFCApp.cpp">
      <Filter>MFC App</Filter>
    </ClCompile>
  </ItemGroup>
  <ItemGroup>
    <Image Include="WindowIcon.ico">
      <Filter>Resource Files\Icon</Filter>
    </Image>
    <Image Include="WindowIcon.bmp">
      <Filter>Resource Files</Filter>
    </Image>
  </ItemGroup>
  <ItemGroup>
    <ClInclude Include="Resource.h">
      <Filter>Resource Files\Include</Filter>
    </ClInclude>
    <ClInclude Include="MFCApp.h">
      <Filter>MFC App</Filter>
    </ClInclude>
    <ClInclude Include="GdiPlus.h">
      <Filter>Headers\Windows\GdiPlus</Filter>
    </ClInclude>
    <ClInclude Include="Algorithms.h">
      <Filter>Headers\Alghorithms</Filter>
    </ClInclude>
    <ClInclude Include="Windows\Types\ColorU.h">
      <Filter>Headers\Windows\Types</Filter>
    </ClInclude>
    <ClInclude Include="Windows\Types\GraphicsTypes.h">
      <Filter>Headers\Windows\Types</Filter>
    </ClInclude>
    <ClInclude Include="Windows\SystemClipboard.h">
      <Filter>Headers\Windows</Filter>
    </ClInclude>
    <ClInclude Include="Windows\SystemError.h">
      <Filter>Headers\Windows</Filter>
    </ClInclude>
  </ItemGroup>
</Project>